
Microsoft Visual Studio Solution File, Format Version 12.00
# Visual Studio 2013
VisualStudioVersion = 12.0.31101.0
MinimumVisualStudioVersion = 10.0.40219.1
Project("{F14B399A-7131-4C87-9E4B-1186C45EF12D}") = "DYL", "DYL\DYL.rptproj", "{3F30B203-3A8F-477F-8B26-224AC990E6BC}"
EndProject
Global
	GlobalSection(SolutionConfigurationPlatforms) = preSolution
		Debug|Default = Debug|Default
		DebugLocal|Default = DebugLocal|Default
		Release|Default = Release|Default
	EndGlobalSection
	GlobalSection(ProjectConfigurationPlatforms) = postSolution
		{3F30B203-3A8F-477F-8B26-224AC990E6BC}.Debug|Default.ActiveCfg = Debug
		{3F30B203-3A8F-477F-8B26-224AC990E6BC}.Debug|Default.Build.0 = Debug
		{3F30B203-3A8F-477F-8B26-224AC990E6BC}.Debug|Default.Deploy.0 = Debug
		{3F30B203-3A8F-477F-8B26-224AC990E6BC}.DebugLocal|Default.ActiveCfg = DebugLocal
		{3F30B203-3A8F-477F-8B26-224AC990E6BC}.DebugLocal|Default.Build.0 = DebugLocal
		{3F30B203-3A8F-477F-8B26-224AC990E6BC}.Release|Default.ActiveCfg = Release
		{3F30B203-3A8F-477F-8B26-224AC990E6BC}.Release|Default.Build.0 = Release
		{3F30B203-3A8F-477F-8B26-224AC990E6BC}.Release|Default.Deploy.0 = Release
	EndGlobalSection
	GlobalSection(SolutionProperties) = preSolution
		HideSolutionNode = FALSE
	EndGlobalSection
EndGlobal
